
<Scheme version="1.3" LastUpgradeVersion="1000">
    <BuildAction buildImplicitDependencies="YES" parallelizeBuildables="YES">
        <BuildActionEntries>
            <BuildActionEntry buildForArchiving="YES" buildForTesting="YES" buildForRunning="YES" buildForAnalyzing="YES" buildForProfiling="YES">
                <BuildableReference BuildableIdentifier="primary" BlueprintIdentifier="6047F32864333B6000000000" BuildableName="FaceDetectionGpuApp.app" BlueprintName="FaceDetectionGpuApp" ReferencedContainer="container:Mediapipe.xcodeproj"></BuildableReference>
            </BuildActionEntry>
        </BuildActionEntries>
        <PreActions>
            <ExecutionAction ActionType="Xcode.IDEStandardExecutionActionsCore.ExecutionActionType.ShellScriptAction">
                <ActionContent title="Run Script" scriptText="">
                    <EnvironmentBuildable>
                        <BuildableReference BuildableName="FaceDetectionGpuApp.app" BlueprintName="FaceDetectionGpuApp" ReferencedContainer="container:Mediapipe.xcodeproj" BuildableIdentifier="primary" BlueprintIdentifier="6047F32864333B6000000000"></BuildableReference>
                    </EnvironmentBuildable>
                </ActionContent>
            </ExecutionAction>
        </PreActions>
        <PostActions>
            <ExecutionAction ActionType="Xcode.IDEStandardExecutionActionsCore.ExecutionActionType.ShellScriptAction">
                <ActionContent title="Run Script" scriptText="">
                    <EnvironmentBuildable>
                        <BuildableReference BlueprintName="FaceDetectionGpuApp" ReferencedContainer="container:Mediapipe.xcodeproj" BuildableIdentifier="primary" BlueprintIdentifier="6047F32864333B6000000000" BuildableName="FaceDetectionGpuApp.app"></BuildableReference>
                    </EnvironmentBuildable>
                </ActionContent>
            </ExecutionAction>
        </PostActions>
    </BuildAction>
    <TestAction buildConfiguration="__TulsiTestRunner_Debug" selectedDebuggerIdentifier="Xcode.DebuggerFoundation.Debugger.LLDB" shouldUseLaunchSchemeArgsEnv="YES" selectedLauncherIdentifier="Xcode.DebuggerFoundation.Launcher.LLDB">
        <Testables></Testables>
        <PreActions>
            <ExecutionAction ActionType="Xcode.IDEStandardExecutionActionsCore.ExecutionActionType.ShellScriptAction">
                <ActionContent title="Run Script" scriptText="">
                    <EnvironmentBuildable>
                        <BuildableReference ReferencedContainer="container:Mediapipe.xcodeproj" BlueprintName="FaceDetectionGpuApp" BuildableIdentifier="primary" BlueprintIdentifier="6047F32864333B6000000000" BuildableName="FaceDetectionGpuApp.app"></BuildableReference>
                    </EnvironmentBuildable>
                </ActionContent>
            </ExecutionAction>
        </PreActions>
        <PostActions>
            <ExecutionAction ActionType="Xcode.IDEStandardExecutionActionsCore.ExecutionActionType.ShellScriptAction">
                <ActionContent title="Run Script" scriptText="">
                    <EnvironmentBuildable>
                        <BuildableReference BuildableName="FaceDetectionGpuApp.app" BlueprintName="FaceDetectionGpuApp" BuildableIdentifier="primary" BlueprintIdentifier="6047F32864333B6000000000" ReferencedContainer="container:Mediapipe.xcodeproj"></BuildableReference>
                    </EnvironmentBuildable>
                </ActionContent>
            </ExecutionAction>
        </PostActions>
        <BuildableProductRunnable runnableDebuggingMode="0">
            <BuildableReference BuildableName="FaceDetectionGpuApp.app" BuildableIdentifier="primary" BlueprintIdentifier="6047F32864333B6000000000" BlueprintName="FaceDetectionGpuApp" ReferencedContainer="container:Mediapipe.xcodeproj"></BuildableReference>
        </BuildableProductRunnable>
    </TestAction>
    <LaunchAction useCustomWorkingDirectory="NO" buildConfiguration="Debug" allowLocationSimulation="YES" debugDocumentVersioning="YES" selectedDebuggerIdentifier="Xcode.DebuggerFoundation.Debugger.LLDB" selectedLauncherIdentifier="Xcode.DebuggerFoundation.Launcher.LLDB" launchStyle="0" debugServiceExtension="internal" ignoresPersistentStateOnLaunch="NO">
        <CommandLineArguments>
            <CommandLineArgument argument="" isEnabled="YES"></CommandLineArgument>
        </CommandLineArguments>
        <EnvironmentVariables></EnvironmentVariables>
        <PreActions>
            <ExecutionAction ActionType="Xcode.IDEStandardExecutionActionsCore.ExecutionActionType.ShellScriptAction">
                <ActionContent title="Run Script" scriptText="">
                    <EnvironmentBuildable>
                        <BuildableReference BlueprintName="FaceDetectionGpuApp" BuildableName="FaceDetectionGpuApp.app" BuildableIdentifier="primary" ReferencedContainer="container:Mediapipe.xcodeproj" BlueprintIdentifier="6047F32864333B6000000000"></BuildableReference>
                    </EnvironmentBuildable>
                </ActionContent>
            </ExecutionAction>
        </PreActions>
        <PostActions>
            <ExecutionAction ActionType="Xcode.IDEStandardExecutionActionsCore.ExecutionActionType.ShellScriptAction">
                <ActionContent title="Run Script" scriptText="">
                    <EnvironmentBuildable>
                        <BuildableReference ReferencedContainer="container:Mediapipe.xcodeproj" BlueprintIdentifier="6047F32864333B6000000000" BlueprintName="FaceDetectionGpuApp" BuildableName="FaceDetectionGpuApp.app" BuildableIdentifier="primary"></BuildableReference>
                    </EnvironmentBuildable>
                </ActionContent>
            </ExecutionAction>
        </PostActions>
        <BuildableProductRunnable runnableDebuggingMode="0">
            <BuildableReference BuildableIdentifier="primary" BlueprintIdentifier="6047F32864333B6000000000" BlueprintName="FaceDetectionGpuApp" ReferencedContainer="container:Mediapipe.xcodeproj" BuildableName="FaceDetectionGpuApp.app"></BuildableReference>
        </BuildableProductRunnable>
    </LaunchAction>
    <ProfileAction buildConfiguration="__TulsiTestRunner_Release" debugDocumentVersioning="YES" shouldUseLaunchSchemeArgsEnv="YES" useCustomWorkingDirectory="NO">
        <BuildableProductRunnable runnableDebuggingMode="0">
            <BuildableReference ReferencedContainer="container:Mediapipe.xcodeproj" BlueprintIdentifier="6047F32864333B6000000000" BuildableName="FaceDetectionGpuApp.app" BlueprintName="FaceDetectionGpuApp" BuildableIdentifier="primary"></BuildableReference>
        </BuildableProductRunnable>
    </ProfileAction>
    <AnalyzeAction buildConfiguration="Debug"></AnalyzeAction>
    <ArchiveAction revealArchiveInOrganizer="YES" buildConfiguration="Release"></ArchiveAction>
</Scheme>